
Microsoft Visual Studio Solution File, Format Version 12.00
# Visual Studio Version 17
VisualStudioVersion = 17.9.34728.123
MinimumVisualStudioVersion = 10.0.40219.1
Project("{FAE04EC0-301F-11D3-BF4B-00C04F79EFBC}") = "Wee4techWebsite", "Wee4techWebsite\Wee4techWebsite.csproj", "{856B0E45-80B6-40F5-82B6-706E5AEDC275}"
EndProject
Global
	GlobalSection(SolutionConfigurationPlatforms) = preSolution
		Debug|Any CPU = Debug|Any CPU
		Release|Any CPU = Release|Any CPU
	EndGlobalSection
	GlobalSection(ProjectConfigurationPlatforms) = postSolution
		{856B0E45-80B6-40F5-82B6-706E5AEDC275}.Debug|Any CPU.ActiveCfg = Debug|Any CPU
		{856B0E45-80B6-40F5-82B6-706E5AEDC275}.Debug|Any CPU.Build.0 = Debug|Any CPU
		{856B0E45-80B6-40F5-82B6-706E5AEDC275}.Release|Any CPU.ActiveCfg = Release|Any CPU
		{856B0E45-80B6-40F5-82B6-706E5AEDC275}.Release|Any CPU.Build.0 = Release|Any CPU
	EndGlobalSection
	GlobalSection(SolutionProperties) = preSolution
		HideSolutionNode = FALSE
	EndGlobalSection
	GlobalSection(ExtensibilityGlobals) = postSolution
		SolutionGuid = {7DAD8663-F051-40AF-AEC2-18B904D0588A}
	EndGlobalSection
EndGlobal
